// !$*UTF8*$!
{
	archiveVersion = 1;
	classes = {
	};
	objectVersion = 46;
	objects = {

/* Begin PBXBuildFile section */
		C507AFC41B1FCE1A00F2086F /* AircraftMenuTableViewController.m in Sources */ = {isa = PBXBuildFile; fileRef = C507AFC31B1FCE1A00F2086F /* AircraftMenuTableViewController.m */; };
		C507AFC61B2029D700F2086F /* acinfoN668DB.plist in Resources */ = {isa = PBXBuildFile; fileRef = C507AFC51B2029D700F2086F /* acinfoN668DB.plist */; };
		C541DC041B0652B4002D12BB /* main.m in Sources */ = {isa = PBXBuildFile; fileRef = C541DC031B0652B4002D12BB /* main.m */; };
		C541DC071B0652B4002D12BB /* AppDelegate.m in Sources */ = {isa = PBXBuildFile; fileRef = C541DC061B0652B4002D12BB /* AppDelegate.m */; };
		C541DC101B0652B4002D12BB /* Main.storyboard in Resources */ = {isa = PBXBuildFile; fileRef = C541DC0E1B0652B4002D12BB /* Main.storyboard */; };
		C541DC121B0652B4002D12BB /* Images.xcassets in Resources */ = {isa = PBXBuildFile; fileRef = C541DC111B0652B4002D12BB /* Images.xcassets */; };
		C541DC151B0652B4002D12BB /* LaunchScreen.xib in Resources */ = {isa = PBXBuildFile; fileRef = C541DC131B0652B4002D12BB /* LaunchScreen.xib */; };
		C541DC211B0652B4002D12BB /* WABTests.m in Sources */ = {isa = PBXBuildFile; fileRef = C541DC201B0652B4002D12BB /* WABTests.m */; };
		C541DC2C1B0661E5002D12BB /* MomentEnvelopeView.m in Sources */ = {isa = PBXBuildFile; fileRef = C541DC2B1B0661E5002D12BB /* MomentEnvelopeView.m */; };
		C541DC321B0BDE01002D12BB /* DoneCancelNumberPadToolbar.m in Sources */ = {isa = PBXBuildFile; fileRef = C541DC311B0BDE01002D12BB /* DoneCancelNumberPadToolbar.m */; };
		C58520C21B0C13B000E39A76 /* WeightsVC.m in Sources */ = {isa = PBXBuildFile; fileRef = C58520C11B0C13B000E39A76 /* WeightsVC.m */; };
		C58520C51B0C71B800E39A76 /* MomentEnvelopeVC.m in Sources */ = {isa = PBXBuildFile; fileRef = C58520C41B0C71B800E39A76 /* MomentEnvelopeVC.m */; };
		C58520CB1B0FC82500E39A76 /* Singleton.m in Sources */ = {isa = PBXBuildFile; fileRef = C58520CA1B0FC82500E39A76 /* Singleton.m */; };
/* End PBXBuildFile section */

/* Begin PBXContainerItemProxy section */
		C541DC1B1B0652B4002D12BB /* PBXContainerItemProxy */ = {
			isa = PBXContainerItemProxy;
			containerPortal = C541DBF61B0652B4002D12BB /* Project object */;
			proxyType = 1;
			remoteGlobalIDString = C541DBFD1B0652B4002D12BB;
			remoteInfo = WAB;
		};
/* End PBXContainerItemProxy section */

/* Begin PBXFileReference section */
		C507AFC21B1FCE1A00F2086F /* AircraftMenuTableViewController.h */ = {isa = PBXFileReference; fileEncoding = 4; lastKnownFileType = sourcecode.c.h; path = AircraftMenuTableViewController.h; sourceTree = "<group>"; };
		C507AFC31B1FCE1A00F2086F /* AircraftMenuTableViewController.m */ = {isa = PBXFileReference; fileEncoding = 4; lastKnownFileType = sourcecode.c.objc; path = AircraftMenuTableViewController.m; sourceTree = "<group>"; };
		C507AFC51B2029D700F2086F /* acinfoN668DB.plist */ = {isa = PBXFileReference; fileEncoding = 4; lastKnownFileType = text.plist.xml; path = acinfoN668DB.plist; sourceTree = "<group>"; };
		C541DBFE1B0652B4002D12BB /* WAB.app */ = {isa = PBXFileReference; explicitFileType = wrapper.application; includeInIndex = 0; path = WAB.app; sourceTree = BUILT_PRODUCTS_DIR; };
		C541DC021B0652B4002D12BB /* Info.plist */ = {isa = PBXFileReference; lastKnownFileType = text.plist.xml; path = Info.plist; sourceTree = "<group>"; };
		C541DC031B0652B4002D12BB /* main.m */ = {isa = PBXFileReference; lastKnownFileType = sourcecode.c.objc; path = main.m; sourceTree = "<group>"; };
		C541DC051B0652B4002D12BB /* AppDelegate.h */ = {isa = PBXFileReference; lastKnownFileType = sourcecode.c.h; path = AppDelegate.h; sourceTree = "<group>"; };
		C541DC061B0652B4002D12BB /* AppDelegate.m */ = {isa = PBXFileReference; lastKnownFileType = sourcecode.c.objc; path = AppDelegate.m; sourceTree = "<group>"; };
		C541DC0F1B0652B4002D12BB /* Base */ = {isa = PBXFileReference; lastKnownFileType = file.storyboard; name = Base; path = Base.lproj/Main.storyboard; sourceTree = "<group>"; };
		C541DC111B0652B4002D12BB /* Images.xcassets */ = {isa = PBXFileReference; lastKnownFileType = folder.assetcatalog; path = Images.xcassets; sourceTree = "<group>"; };
		C541DC141B0652B4002D12BB /* Base */ = {isa = PBXFileReference; lastKnownFileType = file.xib; name = Base; path = Base.lproj/LaunchScreen.xib; sourceTree = "<group>"; };
		C541DC1A1B0652B4002D12BB /* WABTests.xctest */ = {isa = PBXFileReference; explicitFileType = wrapper.cfbundle; includeInIndex = 0; path = WABTests.xctest; sourceTree = BUILT_PRODUCTS_DIR; };
		C541DC1F1B0652B4002D12BB /* Info.plist */ = {isa = PBXFileReference; lastKnownFileType = text.plist.xml; path = Info.plist; sourceTree = "<group>"; };
		C541DC201B0652B4002D12BB /* WABTests.m */ = {isa = PBXFileReference; lastKnownFileType = sourcecode.c.objc; path = WABTests.m; sourceTree = "<group>"; };
		C541DC2A1B0661E5002D12BB /* MomentEnvelopeView.h */ = {isa = PBXFileReference; fileEncoding = 4; lastKnownFileType = sourcecode.c.h; path = MomentEnvelopeView.h; sourceTree = "<group>"; };
		C541DC2B1B0661E5002D12BB /* MomentEnvelopeView.m */ = {isa = PBXFileReference; fileEncoding = 4; lastKnownFileType = sourcecode.c.objc; path = MomentEnvelopeView.m; sourceTree = "<group>"; };
		C541DC301B0BDE01002D12BB /* DoneCancelNumberPadToolbar.h */ = {isa = PBXFileReference; fileEncoding = 4; lastKnownFileType = sourcecode.c.h; path = DoneCancelNumberPadToolbar.h; sourceTree = "<group>"; };
		C541DC311B0BDE01002D12BB /* DoneCancelNumberPadToolbar.m */ = {isa = PBXFileReference; fileEncoding = 4; lastKnownFileType = sourcecode.c.objc; path = DoneCancelNumberPadToolbar.m; sourceTree = "<group>"; };
		C58520C01B0C13B000E39A76 /* WeightsVC.h */ = {isa = PBXFileReference; fileEncoding = 4; lastKnownFileType = sourcecode.c.h; path = WeightsVC.h; sourceTree = "<group>"; };
		C58520C11B0C13B000E39A76 /* WeightsVC.m */ = {isa = PBXFileReference; fileEncoding = 4; lastKnownFileType = sourcecode.c.objc; path = WeightsVC.m; sourceTree = "<group>"; };
		C58520C31B0C71B800E39A76 /* MomentEnvelopeVC.h */ = {isa = PBXFileReference; fileEncoding = 4; lastKnownFileType = sourcecode.c.h; path = MomentEnvelopeVC.h; sourceTree = "<group>"; };
		C58520C41B0C71B800E39A76 /* MomentEnvelopeVC.m */ = {isa = PBXFileReference; fileEncoding = 4; lastKnownFileType = sourcecode.c.objc; path = MomentEnvelopeVC.m; sourceTree = "<group>"; };
		C58520C91B0FC82500E39A76 /* Singleton.h */ = {isa = PBXFileReference; fileEncoding = 4; lastKnownFileType = sourcecode.c.h; name = Singleton.h; path = ../Singleton.h; sourceTree = "<group>"; };
		C58520CA1B0FC82500E39A76 /* Singleton.m */ = {isa = PBXFileReference; fileEncoding = 4; lastKnownFileType = sourcecode.c.objc; name = Singleton.m; path = ../Singleton.m; sourceTree = "<group>"; };
/* End PBXFileReference section */

/* Begin PBXFrameworksBuildPhase section */
		C541DBFB1B0652B4002D12BB /* Frameworks */ = {
			isa = PBXFrameworksBuildPhase;
			buildActionMask = 2147483647;
			files = (
			);
			runOnlyForDeploymentPostprocessing = 0;
		};
		C541DC171B0652B4002D12BB /* Frameworks */ = {
			isa = PBXFrameworksBuildPhase;
			buildActionMask = 2147483647;
			files = (
			);
			runOnlyForDeploymentPostprocessing = 0;
		};
/* End PBXFrameworksBuildPhase section */

/* Begin PBXGroup section */
		C541DBF51B0652B4002D12BB = {
			isa = PBXGroup;
			children = (
				C541DC001B0652B4002D12BB /* WAB */,
				C541DC1D1B0652B4002D12BB /* WABTests */,
				C541DBFF1B0652B4002D12BB /* Products */,
			);
			sourceTree = "<group>";
		};
		C541DBFF1B0652B4002D12BB /* Products */ = {
			isa = PBXGroup;
			children = (
				C541DBFE1B0652B4002D12BB /* WAB.app */,
				C541DC1A1B0652B4002D12BB /* WABTests.xctest */,
			);
			name = Products;
			sourceTree = "<group>";
		};
		C541DC001B0652B4002D12BB /* WAB */ = {
			isa = PBXGroup;
			children = (
				C541DC301B0BDE01002D12BB /* DoneCancelNumberPadToolbar.h */,
				C541DC311B0BDE01002D12BB /* DoneCancelNumberPadToolbar.m */,
				C541DC051B0652B4002D12BB /* AppDelegate.h */,
				C541DC061B0652B4002D12BB /* AppDelegate.m */,
				C58520C91B0FC82500E39A76 /* Singleton.h */,
				C58520CA1B0FC82500E39A76 /* Singleton.m */,
				C58520C01B0C13B000E39A76 /* WeightsVC.h */,
				C58520C11B0C13B000E39A76 /* WeightsVC.m */,
				C58520C31B0C71B800E39A76 /* MomentEnvelopeVC.h */,
				C58520C41B0C71B800E39A76 /* MomentEnvelopeVC.m */,
				C541DC2A1B0661E5002D12BB /* MomentEnvelopeView.h */,
				C541DC2B1B0661E5002D12BB /* MomentEnvelopeView.m */,
				C541DC0E1B0652B4002D12BB /* Main.storyboard */,
				C507AFC21B1FCE1A00F2086F /* AircraftMenuTableViewController.h */,
				C507AFC31B1FCE1A00F2086F /* AircraftMenuTableViewController.m */,
				C541DC111B0652B4002D12BB /* Images.xcassets */,
				C541DC131B0652B4002D12BB /* LaunchScreen.xib */,
				C541DC011B0652B4002D12BB /* Supporting Files */,
			);
			path = WAB;
			sourceTree = "<group>";
		};
		C541DC011B0652B4002D12BB /* Supporting Files */ = {
			isa = PBXGroup;
			children = (
				C507AFC51B2029D700F2086F /* acinfoN668DB.plist */,
				C541DC021B0652B4002D12BB /* Info.plist */,
				C541DC031B0652B4002D12BB /* main.m */,
			);
			name = "Supporting Files";
			sourceTree = "<group>";
		};
		C541DC1D1B0652B4002D12BB /* WABTests */ = {
			isa = PBXGroup;
			children = (
				C541DC201B0652B4002D12BB /* WABTests.m */,
				C541DC1E1B0652B4002D12BB /* Supporting Files */,
			);
			path = WABTests;
			sourceTree = "<group>";
		};
		C541DC1E1B0652B4002D12BB /* Supporting Files */ = {
			isa = PBXGroup;
			children = (
				C541DC1F1B0652B4002D12BB /* Info.plist */,
			);
			name = "Supporting Files";
			sourceTree = "<group>";
		};
/* End PBXGroup section */

/* Begin PBXNativeTarget section */
		C541DBFD1B0652B4002D12BB /* WAB */ = {
			isa = PBXNativeTarget;
			buildConfigurationList = C541DC241B0652B4002D12BB /* Build configuration list for PBXNativeTarget "WAB" */;
			buildPhases = (
				C541DBFA1B0652B4002D12BB /* Sources */,
				C541DBFB1B0652B4002D12BB /* Frameworks */,
				C541DBFC1B0652B4002D12BB /* Resources */,
			);
			buildRules = (
			);
			dependencies = (
			);
			name = WAB;
			productName = WAB;
			productReference = C541DBFE1B0652B4002D12BB /* WAB.app */;
			productType = "com.apple.product-type.application";
		};
		C541DC191B0652B4002D12BB /* WABTests */ = {
			isa = PBXNativeTarget;
			buildConfigurationList = C541DC271B0652B4002D12BB /* Build configuration list for PBXNativeTarget "WABTests" */;
			buildPhases = (
				C541DC161B0652B4002D12BB /* Sources */,
				C541DC171B0652B4002D12BB /* Frameworks */,
				C541DC181B0652B4002D12BB /* Resources */,
			);
			buildRules = (
			);
			dependencies = (
				C541DC1C1B0652B4002D12BB /* PBXTargetDependency */,
			);
			name = WABTests;
			productName = WABTests;
			productReference = C541DC1A1B0652B4002D12BB /* WABTests.xctest */;
			productType = "com.apple.product-type.bundle.unit-test";
		};
/* End PBXNativeTarget section */

/* Begin PBXProject section */
		C541DBF61B0652B4002D12BB /* Project object */ = {
			isa = PBXProject;
			attributes = {
				LastUpgradeCheck = 0630;
				ORGANIZATIONNAME = "Robert Mahoney";
				TargetAttributes = {
					C541DBFD1B0652B4002D12BB = {
						CreatedOnToolsVersion = 6.3.1;
					};
					C541DC191B0652B4002D12BB = {
						CreatedOnToolsVersion = 6.3.1;
						TestTargetID = C541DBFD1B0652B4002D12BB;
					};
				};
			};
			buildConfigurationList = C541DBF91B0652B4002D12BB /* Build configuration list for PBXProject "WAB" */;
			compatibilityVersion = "Xcode 3.2";
			developmentRegion = English;
			hasScannedForEncodings = 0;
			knownRegions = (
				en,
				Base,
			);
			mainGroup = C541DBF51B0652B4002D12BB;
			productRefGroup = C541DBFF1B0652B4002D12BB /* Products */;
			projectDirPath = "";
			projectRoot = "";
			targets = (
				C541DBFD1B0652B4002D12BB /* WAB */,
				C541DC191B0652B4002D12BB /* WABTests */,
			);
		};
/* End PBXProject section */

/* Begin PBXResourcesBuildPhase section */
		C541DBFC1B0652B4002D12BB /* Resources */ = {
			isa = PBXResourcesBuildPhase;
			buildActionMask = 2147483647;
			files = (
				C507AFC61B2029D700F2086F /* acinfoN668DB.plist in Resources */,
				C541DC101B0652B4002D12BB /* Main.storyboard in Resources */,
				C541DC151B0652B4002D12BB /* LaunchScreen.xib in Resources */,
				C541DC121B0652B4002D12BB /* Images.xcassets in Resources */,
			);
			runOnlyForDeploymentPostprocessing = 0;
		};
		C541DC181B0652B4002D12BB /* Resources */ = {
			isa = PBXResourcesBuildPhase;
			buildActionMask = 2147483647;
			files = (
			);
			runOnlyForDeploymentPostprocessing = 0;
		};
/* End PBXResourcesBuildPhase section */

/* Begin PBXSourcesBuildPhase section */
		C541DBFA1B0652B4002D12BB /* Sources */ = {
			isa = PBXSourcesBuildPhase;
			buildActionMask = 2147483647;
			files = (
				C58520C51B0C71B800E39A76 /* MomentEnvelopeVC.m in Sources */,
				C541DC2C1B0661E5002D12BB /* MomentEnvelopeView.m in Sources */,
				C541DC321B0BDE01002D12BB /* DoneCancelNumberPadToolbar.m in Sources */,
				C541DC071B0652B4002D12BB /* AppDelegate.m in Sources */,
				C507AFC41B1FCE1A00F2086F /* AircraftMenuTableViewController.m in Sources */,
				C58520C21B0C13B000E39A76 /* WeightsVC.m in Sources */,
				C541DC041B0652B4002D12BB /* main.m in Sources */,
				C58520CB1B0FC82500E39A76 /* Singleton.m in Sources */,
			);
			runOnlyForDeploymentPostprocessing = 0;
		};
		C541DC161B0652B4002D12BB /* Sources */ = {
			isa = PBXSourcesBuildPhase;
			buildActionMask = 2147483647;
			files = (
				C541DC211B0652B4002D12BB /* WABTests.m in Sources */,
			);
			runOnlyForDeploymentPostprocessing = 0;
		};
/* End PBXSourcesBuildPhase section */

/* Begin PBXTargetDependency section */
		C541DC1C1B0652B4002D12BB /* PBXTargetDependency */ = {
			isa = PBXTargetDependency;
			target = C541DBFD1B0652B4002D12BB /* WAB */;
			targetProxy = C541DC1B1B0652B4002D12BB /* PBXContainerItemProxy */;
		};
/* End PBXTargetDependency section */

/* Begin PBXVariantGroup section */
		C541DC0E1B0652B4002D12BB /* Main.storyboard */ = {
			isa = PBXVariantGroup;
			children = (
				C541DC0F1B0652B4002D12BB /* Base */,
			);
			name = Main.storyboard;
			sourceTree = "<group>";
		};
		C541DC131B0652B4002D12BB /* LaunchScreen.xib */ = {
			isa = PBXVariantGroup;
			children = (
				C541DC141B0652B4002D12BB /* Base */,
			);
			name = LaunchScreen.xib;
			sourceTree = "<group>";
		};
/* End PBXVariantGroup section */

/* Begin XCBuildConfiguration section */
		C541DC221B0652B4002D12BB /* Debug */ = {
			isa = XCBuildConfiguration;
			buildSettings = {
				ALWAYS_SEARCH_USER_PATHS = NO;
				CLANG_CXX_LANGUAGE_STANDARD = "gnu++0x";
				CLANG_CXX_LIBRARY = "libc++";
				CLANG_ENABLE_MODULES = YES;
				CLANG_ENABLE_OBJC_ARC = YES;
				CLANG_WARN_BOOL_CONVERSION = YES;
				CLANG_WARN_CONSTANT_CONVERSION = YES;
				CLANG_WARN_DIRECT_OBJC_ISA_USAGE = YES_ERROR;
				CLANG_WARN_EMPTY_BODY = YES;
				CLANG_WARN_ENUM_CONVERSION = YES;
				CLANG_WARN_INT_CONVERSION = YES;
				CLANG_WARN_OBJC_ROOT_CLASS = YES_ERROR;
				CLANG_WARN_UNREACHABLE_CODE = YES;
				CLANG_WARN__DUPLICATE_METHOD_MATCH = YES;
				"CODE_SIGN_IDENTITY[sdk=iphoneos*]" = "iPhone Developer";
				COPY_PHASE_STRIP = NO;
				DEBUG_INFORMATION_FORMAT = "dwarf-with-dsym";
				ENABLE_STRICT_OBJC_MSGSEND = YES;
				GCC_C_LANGUAGE_STANDARD = gnu99;
				GCC_DYNAMIC_NO_PIC = NO;
				GCC_NO_COMMON_BLOCKS = YES;
				GCC_OPTIMIZATION_LEVEL = 0;
				GCC_PREPROCESSOR_DEFINITIONS = (
					"DEBUG=1",
					"$(inherited)",
				);
				GCC_SYMBOLS_PRIVATE_EXTERN = NO;
				GCC_WARN_64_TO_32_BIT_CONVERSION = YES;
				GCC_WARN_ABOUT_RETURN_TYPE = YES_ERROR;
				GCC_WARN_UNDECLARED_SELECTOR = YES;
				GCC_WARN_UNINITIALIZED_AUTOS = YES_AGGRESSIVE;
				GCC_WARN_UNUSED_FUNCTION = YES;
				GCC_WARN_UNUSED_VARIABLE = YES;
				IPHONEOS_DEPLOYMENT_TARGET = 8.3;
				MTL_ENABLE_DEBUG_INFO = YES;
				ONLY_ACTIVE_ARCH = YES;
				SDKROOT = iphoneos;
			};
			name = Debug;
		};
		C541DC231B0652B4002D12BB /* Release */ = {
			isa = XCBuildConfiguration;
			buildSettings = {
				ALWAYS_SEARCH_USER_PATHS = NO;
				CLANG_CXX_LANGUAGE_STANDARD = "gnu++0x";
				CLANG_CXX_LIBRARY = "libc++";
				CLANG_ENABLE_MODULES = YES;
				CLANG_ENABLE_OBJC_ARC = YES;
				CLANG_WARN_BOOL_CONVERSION = YES;
				CLANG_WARN_CONSTANT_CONVERSION = YES;
				CLANG_WARN_DIRECT_OBJC_ISA_USAGE = YES_ERROR;
				CLANG_WARN_EMPTY_BODY = YES;
				CLANG_WARN_ENUM_CONVERSION = YES;
				CLANG_WARN_INT_CONVERSION = YES;
				CLANG_WARN_OBJC_ROOT_CLASS = YES_ERROR;
				CLANG_WARN_UNREACHABLE_CODE = YES;
				CLANG_WARN__DUPLICATE_METHOD_MATCH = YES;
				"CODE_SIGN_IDENTITY[sdk=iphoneos*]" = "iPhone Developer";
				COPY_PHASE_STRIP = NO;
				DEBUG_INFORMATION_FORMAT = "dwarf-with-dsym";
				ENABLE_NS_ASSERTIONS = NO;
				ENABLE_STRICT_OBJC_MSGSEND = YES;
				GCC_C_LANGUAGE_STANDARD = gnu99;
				GCC_NO_COMMON_BLOCKS = YES;
				GCC_WARN_64_TO_32_BIT_CONVERSION = YES;
				GCC_WARN_ABOUT_RETURN_TYPE = YES_ERROR;
				GCC_WARN_UNDECLARED_SELECTOR = YES;
				GCC_WARN_UNINITIALIZED_AUTOS = YES_AGGRESSIVE;
				GCC_WARN_UNUSED_FUNCTION = YES;
				GCC_WARN_UNUSED_VARIABLE = YES;
				IPHONEOS_DEPLOYMENT_TARGET = 8.3;
				MTL_ENABLE_DEBUG_INFO = NO;
				SDKROOT = iphoneos;
				VALIDATE_PRODUCT = YES;
			};
			name = Release;
		};
		C541DC251B0652B4002D12BB /* Debug */ = {
			isa = XCBuildConfiguration;
			buildSettings = {
				ASSETCATALOG_COMPILER_APPICON_NAME = AppIcon;
				INFOPLIST_FILE = WAB/Info.plist;
				LD_RUNPATH_SEARCH_PATHS = "$(inherited) @executable_path/Frameworks";
				PRODUCT_NAME = "$(TARGET_NAME)";
			};
			name = Debug;
		};
		C541DC261B0652B4002D12BB /* Release */ = {
			isa = XCBuildConfiguration;
			buildSettings = {
				ASSETCATALOG_COMPILER_APPICON_NAME = AppIcon;
				INFOPLIST_FILE = WAB/Info.plist;
				LD_RUNPATH_SEARCH_PATHS = "$(inherited) @executable_path/Frameworks";
				PRODUCT_NAME = "$(TARGET_NAME)";
			};
			name = Release;
		};
		C541DC281B0652B4002D12BB /* Debug */ = {
			isa = XCBuildConfiguration;
			buildSettings = {
				BUNDLE_LOADER = "$(TEST_HOST)";
				FRAMEWORK_SEARCH_PATHS = (
					"$(SDKROOT)/Developer/Library/Frameworks",
					"$(inherited)",
				);
				GCC_PREPROCESSOR_DEFINITIONS = (
					"DEBUG=1",
					"$(inherited)",
				);
				INFOPLIST_FILE = WABTests/Info.plist;
				LD_RUNPATH_SEARCH_PATHS = "$(inherited) @executable_path/Frameworks @loader_path/Frameworks";
				PRODUCT_NAME = "$(TARGET_NAME)";
				TEST_HOST = "$(BUILT_PRODUCTS_DIR)/WAB.app/WAB";
			};
			name = Debug;
		};
		C541DC291B0652B4002D12BB /* Release */ = {
			isa = XCBuildConfiguration;
			buildSettings = {
				BUNDLE_LOADER = "$(TEST_HOST)";
				FRAMEWORK_SEARCH_PATHS = (
					"$(SDKROOT)/Developer/Library/Frameworks",
					"$(inherited)",
				);
				INFOPLIST_FILE = WABTests/Info.plist;
				LD_RUNPATH_SEARCH_PATHS = "$(inherited) @executable_path/Frameworks @loader_path/Frameworks";
				PRODUCT_NAME = "$(TARGET_NAME)";
				TEST_HOST = "$(BUILT_PRODUCTS_DIR)/WAB.app/WAB";
			};
			name = Release;
		};
/* End XCBuildConfiguration section */

/* Begin XCConfigurationList section */
		C541DBF91B0652B4002D12BB /* Build configuration list for PBXProject "WAB" */ = {
			isa = XCConfigurationList;
			buildConfigurations = (
				C541DC221B0652B4002D12BB /* Debug */,
				C541DC231B0652B4002D12BB /* Release */,
			);
			defaultConfigurationIsVisible = 0;
			defaultConfigurationName = Release;
		};
		C541DC241B0652B4002D12BB /* Build configuration list for PBXNativeTarget "WAB" */ = {
			isa = XCConfigurationList;
			buildConfigurations = (
				C541DC251B0652B4002D12BB /* Debug */,
				C541DC261B0652B4002D12BB /* Release */,
			);
			defaultConfigurationIsVisible = 0;
			defaultConfigurationName = Release;
		};
		C541DC271B0652B4002D12BB /* Build configuration list for PBXNativeTarget "WABTests" */ = {
			isa = XCConfigurationList;
			buildConfigurations = (
				C541DC281B0652B4002D12BB /* Debug */,
				C541DC291B0652B4002D12BB /* Release */,
			);
			defaultConfigurationIsVisible = 0;
			defaultConfigurationName = Release;
		};
/* End XCConfigurationList section */
	};
	rootObject = C541DBF61B0652B4002D12BB /* Project object */;
}
